
Microsoft Visual Studio Solution File, Format Version 12.00
# Visual Studio Version 17
VisualStudioVersion = 17.1.32328.378
MinimumVisualStudioVersion = 10.0.40219.1
Project("{FAE04EC0-301F-11D3-BF4B-00C04F79EFBC}") = "provjeraZnanja3", "provjeraZnanja3\provjeraZnanja3.csproj", "{2D263320-936D-4406-8A32-4261657004DB}"
EndProject
Global
	GlobalSection(SolutionConfigurationPlatforms) = preSolution
		Debug|Any CPU = Debug|Any CPU
		Release|Any CPU = Release|Any CPU
	EndGlobalSection
	GlobalSection(ProjectConfigurationPlatforms) = postSolution
		{2D263320-936D-4406-8A32-4261657004DB}.Debug|Any CPU.ActiveCfg = Debug|Any CPU
		{2D263320-936D-4406-8A32-4261657004DB}.Debug|Any CPU.Build.0 = Debug|Any CPU
		{2D263320-936D-4406-8A32-4261657004DB}.Release|Any CPU.ActiveCfg = Release|Any CPU
		{2D263320-936D-4406-8A32-4261657004DB}.Release|Any CPU.Build.0 = Release|Any CPU
	EndGlobalSection
	GlobalSection(SolutionProperties) = preSolution
		HideSolutionNode = FALSE
	EndGlobalSection
	GlobalSection(ExtensibilityGlobals) = postSolution
		SolutionGuid = {8DF484A2-2F30-4110-98BF-968C43A33197}
	EndGlobalSection
EndGlobal
